
Microsoft Visual Studio Solution File, Format Version 12.00
# Visual Studio Version 17
VisualStudioVersion = 17.9.34607.119
MinimumVisualStudioVersion = 10.0.40219.1
Project("{9A19103F-16F7-4668-BE54-9A1E7A4F7556}") = "App.Host", "App.Host\App.Host.csproj", "{8D15893C-B4EC-4323-A2F8-0801AE13477B}"
EndProject
Project("{2150E333-8FDC-42A3-9474-1A3956D46DE8}") = "01.WORKFLOWS", "01.WORKFLOWS", "{96E04619-D90E-430F-8318-8E05457BD976}"
EndProject
Project("{2150E333-8FDC-42A3-9474-1A3956D46DE8}") = "02.HOST", "02.HOST", "{B915712C-80E7-40F2-8261-6F7A6D96289A}"
EndProject
Project("{2150E333-8FDC-42A3-9474-1A3956D46DE8}") = "SUBMODULES", "SUBMODULES", "{2BB13C55-B363-4C47-9C1A-73548AD01C4E}"
EndProject
Project("{9A19103F-16F7-4668-BE54-9A1E7A4F7556}") = "App.Modules.Core.Substrate", "..\SUBMODULES\BASE.LIB\SOURCE\App.Modules.Core.Substrate\App.Modules.Core.Substrate.csproj", "{2E76F16F-7AC9-46FA-A175-123E9FED1103}"
EndProject
Project("{9A19103F-16F7-4668-BE54-9A1E7A4F7556}") = "App.Modules.Core.Substrate.Contracts", "..\SUBMODULES\BASE.LIB\SOURCE\App.Modules.Core.Substrate.Contracts\App.Modules.Core.Substrate.Contracts.csproj", "{EDAF3AC5-3F0C-46E4-A1EE-2EF1236A6757}"
EndProject
Project("{9A19103F-16F7-4668-BE54-9A1E7A4F7556}") = "App.Modules.Core.Infrastructure", "..\SUBMODULES\BASE.LIB\SOURCE\App.Modules.Core.Infrastructure\App.Modules.Core.Infrastructure.csproj", "{4760BE1A-93C4-497F-81FB-422B68898C16}"
EndProject
Project("{9A19103F-16F7-4668-BE54-9A1E7A4F7556}") = "App.Modules.Core.Domain", "..\SUBMODULES\BASE.LIB\SOURCE\App.Modules.Core.Domain\App.Modules.Core.Domain.csproj", "{EBAAB1F4-0059-4AB7-B701-7FE347116D40}"
EndProject
Project("{9A19103F-16F7-4668-BE54-9A1E7A4F7556}") = "App.Modules.Core.Application", "..\SUBMODULES\BASE.LIB\SOURCE\App.Modules.Core.Application\App.Modules.Core.Application.csproj", "{4402CBD0-54FF-48ED-B379-BB759F251772}"
EndProject
Project("{9A19103F-16F7-4668-BE54-9A1E7A4F7556}") = "App.Modules.Core.Infrastructure.IoC.Autofac", "..\SUBMODULES\BASE.LIB\SOURCE\App.Modules.Core.Infrastructure.IoC.Autofac\App.Modules.Core.Infrastructure.IoC.Autofac.csproj", "{19264969-F823-46A5-A546-06F24C57A1F4}"
EndProject
Project("{9A19103F-16F7-4668-BE54-9A1E7A4F7556}") = "App.Modules.Core.Infrastructure.Data.EF", "..\SUBMODULES\BASE.LIB\SOURCE\App.Modules.Core.Infrastructure.Data.EF\App.Modules.Core.Infrastructure.Data.EF.csproj", "{31418C4C-AF90-40AF-923D-BD353FA2D88D}"
EndProject
Project("{9A19103F-16F7-4668-BE54-9A1E7A4F7556}") = "App.Modules.Core.Infrastructure.IoC.Lamar", "..\SUBMODULES\BASE.LIB\SOURCE\App.Modules.Core.Infrastructure.IoC.Lamar\App.Modules.Core.Infrastructure.IoC.Lamar.csproj", "{5DC55FD0-3FE2-40BB-A7C0-18E4F043524F}"
EndProject
Project("{2150E333-8FDC-42A3-9474-1A3956D46DE8}") = "11.Interfaces", "11.Interfaces", "{599B98D3-129C-430F-B1C2-169EFE8FC163}"
EndProject
Project("{2150E333-8FDC-42A3-9474-1A3956D46DE8}") = "12.DDD", "12.DDD", "{891045AD-DED7-40EC-BB16-F9B6522D28F0}"
EndProject
Project("{2150E333-8FDC-42A3-9474-1A3956D46DE8}") = "CORE", "CORE", "{82511981-9DB7-4C1D-ADE0-E8B7DB289A2D}"
EndProject
Project("{9A19103F-16F7-4668-BE54-9A1E7A4F7556}") = "App.Modules.Core.Interfaces.API.REST", "..\SUBMODULES\BASE.LIB\SOURCE\App.Modules.Core.Interfaces.API.REST\App.Modules.Core.Interfaces.API.REST.csproj", "{204A6EC8-3C1A-4EBF-975F-F0E882ACBEC0}"
EndProject
Project("{9A19103F-16F7-4668-BE54-9A1E7A4F7556}") = "App.Modules.Core.Interfaces.API.ODATA", "..\SUBMODULES\BASE.LIB\SOURCE\App.Modules.Core.Interfaces.API.ODATA\App.Modules.Core.Interfaces.API.ODATA.csproj", "{F264B1A4-107F-434C-87A3-D2E9EA100BCE}"
EndProject
Project("{9A19103F-16F7-4668-BE54-9A1E7A4F7556}") = "App.Modules.Core.Interfaces.API.GraphQL", "..\SUBMODULES\BASE.LIB\SOURCE\App.Modules.Core.Interfaces.API.GraphQL\App.Modules.Core.Interfaces.API.GraphQL.csproj", "{D533F076-7178-4B74-BBF1-6F72AE973D54}"
EndProject
Project("{9A19103F-16F7-4668-BE54-9A1E7A4F7556}") = "App.Modules.Core.Interfaces.Models", "..\SUBMODULES\BASE.LIB\SOURCE\App.Modules.Core.Interfaces.Models\App.Modules.Core.Interfaces.Models.csproj", "{98C95A42-8C5F-4307-876B-CC197B7A41C2}"
EndProject
Project("{9A19103F-16F7-4668-BE54-9A1E7A4F7556}") = "App.Modules.Core.Interfaces.UI.Web", "..\SUBMODULES\BASE.LIB\SOURCE\App.Modules.Core.Interfaces.UI.Web\App.Modules.Core.Interfaces.UI.Web.csproj", "{08573A51-7D14-4EDD-8893-ADADEA12EC2F}"
EndProject
Project("{FAE04EC0-301F-11D3-BF4B-00C04F79EFBC}") = "App.Modules.Core.Infrastructure.Services.Azure", "..\SUBMODULES\BASE.LIB\SOURCE\App.Modules.Core.Infrastructure.Services.Azure\App.Modules.Core.Infrastructure.Services.Azure.csproj", "{7E035B17-499B-4288-905E-93DD0D612F00}"
EndProject
Project("{FAE04EC0-301F-11D3-BF4B-00C04F79EFBC}") = "App.Modules.Core.Infrastructure.Services.AWS", "..\SUBMODULES\BASE.LIB\SOURCE\App.Modules.Core.Infrastructure.Services.AWS\App.Modules.Core.Infrastructure.Services.AWS.csproj", "{C5C781CE-CE8D-42CB-A64E-BD121D0072DF}"
EndProject
Project("{9A19103F-16F7-4668-BE54-9A1E7A4F7556}") = "App.Modules.Core.Infrastructure.IoC.StructureMap", "..\SUBMODULES\BASE.LIB\SOURCE\App.Modules.Core.Infrastructure.IoC.StructureMap\App.Modules.Core.Infrastructure.IoC.StructureMap.csproj", "{F8E61238-CC2A-4745-8A57-F94C1498B41D}"
EndProject
Global
	GlobalSection(SolutionConfigurationPlatforms) = preSolution
		Debug|Any CPU = Debug|Any CPU
		Release|Any CPU = Release|Any CPU
	EndGlobalSection
	GlobalSection(ProjectConfigurationPlatforms) = postSolution
		{8D15893C-B4EC-4323-A2F8-0801AE13477B}.Debug|Any CPU.ActiveCfg = Debug|Any CPU
		{8D15893C-B4EC-4323-A2F8-0801AE13477B}.Debug|Any CPU.Build.0 = Debug|Any CPU
		{8D15893C-B4EC-4323-A2F8-0801AE13477B}.Release|Any CPU.ActiveCfg = Release|Any CPU
		{8D15893C-B4EC-4323-A2F8-0801AE13477B}.Release|Any CPU.Build.0 = Release|Any CPU
		{2E76F16F-7AC9-46FA-A175-123E9FED1103}.Debug|Any CPU.ActiveCfg = Debug|Any CPU
		{2E76F16F-7AC9-46FA-A175-123E9FED1103}.Debug|Any CPU.Build.0 = Debug|Any CPU
		{2E76F16F-7AC9-46FA-A175-123E9FED1103}.Release|Any CPU.ActiveCfg = Release|Any CPU
		{2E76F16F-7AC9-46FA-A175-123E9FED1103}.Release|Any CPU.Build.0 = Release|Any CPU
		{EDAF3AC5-3F0C-46E4-A1EE-2EF1236A6757}.Debug|Any CPU.ActiveCfg = Debug|Any CPU
		{EDAF3AC5-3F0C-46E4-A1EE-2EF1236A6757}.Debug|Any CPU.Build.0 = Debug|Any CPU
		{EDAF3AC5-3F0C-46E4-A1EE-2EF1236A6757}.Release|Any CPU.ActiveCfg = Release|Any CPU
		{EDAF3AC5-3F0C-46E4-A1EE-2EF1236A6757}.Release|Any CPU.Build.0 = Release|Any CPU
		{4760BE1A-93C4-497F-81FB-422B68898C16}.Debug|Any CPU.ActiveCfg = Debug|Any CPU
		{4760BE1A-93C4-497F-81FB-422B68898C16}.Debug|Any CPU.Build.0 = Debug|Any CPU
		{4760BE1A-93C4-497F-81FB-422B68898C16}.Release|Any CPU.ActiveCfg = Release|Any CPU
		{4760BE1A-93C4-497F-81FB-422B68898C16}.Release|Any CPU.Build.0 = Release|Any CPU
		{EBAAB1F4-0059-4AB7-B701-7FE347116D40}.Debug|Any CPU.ActiveCfg = Debug|Any CPU
		{EBAAB1F4-0059-4AB7-B701-7FE347116D40}.Debug|Any CPU.Build.0 = Debug|Any CPU
		{EBAAB1F4-0059-4AB7-B701-7FE347116D40}.Release|Any CPU.ActiveCfg = Release|Any CPU
		{EBAAB1F4-0059-4AB7-B701-7FE347116D40}.Release|Any CPU.Build.0 = Release|Any CPU
		{4402CBD0-54FF-48ED-B379-BB759F251772}.Debug|Any CPU.ActiveCfg = Debug|Any CPU
		{4402CBD0-54FF-48ED-B379-BB759F251772}.Debug|Any CPU.Build.0 = Debug|Any CPU
		{4402CBD0-54FF-48ED-B379-BB759F251772}.Release|Any CPU.ActiveCfg = Release|Any CPU
		{4402CBD0-54FF-48ED-B379-BB759F251772}.Release|Any CPU.Build.0 = Release|Any CPU
		{19264969-F823-46A5-A546-06F24C57A1F4}.Debug|Any CPU.ActiveCfg = Debug|Any CPU
		{19264969-F823-46A5-A546-06F24C57A1F4}.Debug|Any CPU.Build.0 = Debug|Any CPU
		{19264969-F823-46A5-A546-06F24C57A1F4}.Release|Any CPU.ActiveCfg = Release|Any CPU
		{19264969-F823-46A5-A546-06F24C57A1F4}.Release|Any CPU.Build.0 = Release|Any CPU
		{31418C4C-AF90-40AF-923D-BD353FA2D88D}.Debug|Any CPU.ActiveCfg = Debug|Any CPU
		{31418C4C-AF90-40AF-923D-BD353FA2D88D}.Debug|Any CPU.Build.0 = Debug|Any CPU
		{31418C4C-AF90-40AF-923D-BD353FA2D88D}.Release|Any CPU.ActiveCfg = Release|Any CPU
		{31418C4C-AF90-40AF-923D-BD353FA2D88D}.Release|Any CPU.Build.0 = Release|Any CPU
		{5DC55FD0-3FE2-40BB-A7C0-18E4F043524F}.Debug|Any CPU.ActiveCfg = Debug|Any CPU
		{5DC55FD0-3FE2-40BB-A7C0-18E4F043524F}.Debug|Any CPU.Build.0 = Debug|Any CPU
		{5DC55FD0-3FE2-40BB-A7C0-18E4F043524F}.Release|Any CPU.ActiveCfg = Release|Any CPU
		{5DC55FD0-3FE2-40BB-A7C0-18E4F043524F}.Release|Any CPU.Build.0 = Release|Any CPU
		{204A6EC8-3C1A-4EBF-975F-F0E882ACBEC0}.Debug|Any CPU.ActiveCfg = Debug|Any CPU
		{204A6EC8-3C1A-4EBF-975F-F0E882ACBEC0}.Debug|Any CPU.Build.0 = Debug|Any CPU
		{204A6EC8-3C1A-4EBF-975F-F0E882ACBEC0}.Release|Any CPU.ActiveCfg = Release|Any CPU
		{204A6EC8-3C1A-4EBF-975F-F0E882ACBEC0}.Release|Any CPU.Build.0 = Release|Any CPU
		{F264B1A4-107F-434C-87A3-D2E9EA100BCE}.Debug|Any CPU.ActiveCfg = Debug|Any CPU
		{F264B1A4-107F-434C-87A3-D2E9EA100BCE}.Debug|Any CPU.Build.0 = Debug|Any CPU
		{F264B1A4-107F-434C-87A3-D2E9EA100BCE}.Release|Any CPU.ActiveCfg = Release|Any CPU
		{F264B1A4-107F-434C-87A3-D2E9EA100BCE}.Release|Any CPU.Build.0 = Release|Any CPU
		{D533F076-7178-4B74-BBF1-6F72AE973D54}.Debug|Any CPU.ActiveCfg = Debug|Any CPU
		{D533F076-7178-4B74-BBF1-6F72AE973D54}.Debug|Any CPU.Build.0 = Debug|Any CPU
		{D533F076-7178-4B74-BBF1-6F72AE973D54}.Release|Any CPU.ActiveCfg = Release|Any CPU
		{D533F076-7178-4B74-BBF1-6F72AE973D54}.Release|Any CPU.Build.0 = Release|Any CPU
		{98C95A42-8C5F-4307-876B-CC197B7A41C2}.Debug|Any CPU.ActiveCfg = Debug|Any CPU
		{98C95A42-8C5F-4307-876B-CC197B7A41C2}.Debug|Any CPU.Build.0 = Debug|Any CPU
		{98C95A42-8C5F-4307-876B-CC197B7A41C2}.Release|Any CPU.ActiveCfg = Release|Any CPU
		{98C95A42-8C5F-4307-876B-CC197B7A41C2}.Release|Any CPU.Build.0 = Release|Any CPU
		{08573A51-7D14-4EDD-8893-ADADEA12EC2F}.Debug|Any CPU.ActiveCfg = Debug|Any CPU
		{08573A51-7D14-4EDD-8893-ADADEA12EC2F}.Debug|Any CPU.Build.0 = Debug|Any CPU
		{08573A51-7D14-4EDD-8893-ADADEA12EC2F}.Release|Any CPU.ActiveCfg = Release|Any CPU
		{08573A51-7D14-4EDD-8893-ADADEA12EC2F}.Release|Any CPU.Build.0 = Release|Any CPU
		{7E035B17-499B-4288-905E-93DD0D612F00}.Debug|Any CPU.ActiveCfg = Debug|Any CPU
		{7E035B17-499B-4288-905E-93DD0D612F00}.Debug|Any CPU.Build.0 = Debug|Any CPU
		{7E035B17-499B-4288-905E-93DD0D612F00}.Release|Any CPU.ActiveCfg = Release|Any CPU
		{7E035B17-499B-4288-905E-93DD0D612F00}.Release|Any CPU.Build.0 = Release|Any CPU
		{C5C781CE-CE8D-42CB-A64E-BD121D0072DF}.Debug|Any CPU.ActiveCfg = Debug|Any CPU
		{C5C781CE-CE8D-42CB-A64E-BD121D0072DF}.Debug|Any CPU.Build.0 = Debug|Any CPU
		{C5C781CE-CE8D-42CB-A64E-BD121D0072DF}.Release|Any CPU.ActiveCfg = Release|Any CPU
		{C5C781CE-CE8D-42CB-A64E-BD121D0072DF}.Release|Any CPU.Build.0 = Release|Any CPU
		{F8E61238-CC2A-4745-8A57-F94C1498B41D}.Debug|Any CPU.ActiveCfg = Debug|Any CPU
		{F8E61238-CC2A-4745-8A57-F94C1498B41D}.Debug|Any CPU.Build.0 = Debug|Any CPU
		{F8E61238-CC2A-4745-8A57-F94C1498B41D}.Release|Any CPU.ActiveCfg = Release|Any CPU
		{F8E61238-CC2A-4745-8A57-F94C1498B41D}.Release|Any CPU.Build.0 = Release|Any CPU
	EndGlobalSection
	GlobalSection(SolutionProperties) = preSolution
		HideSolutionNode = FALSE
	EndGlobalSection
	GlobalSection(NestedProjects) = preSolution
		{8D15893C-B4EC-4323-A2F8-0801AE13477B} = {B915712C-80E7-40F2-8261-6F7A6D96289A}
		{2E76F16F-7AC9-46FA-A175-123E9FED1103} = {891045AD-DED7-40EC-BB16-F9B6522D28F0}
		{EDAF3AC5-3F0C-46E4-A1EE-2EF1236A6757} = {891045AD-DED7-40EC-BB16-F9B6522D28F0}
		{4760BE1A-93C4-497F-81FB-422B68898C16} = {891045AD-DED7-40EC-BB16-F9B6522D28F0}
		{EBAAB1F4-0059-4AB7-B701-7FE347116D40} = {891045AD-DED7-40EC-BB16-F9B6522D28F0}
		{4402CBD0-54FF-48ED-B379-BB759F251772} = {891045AD-DED7-40EC-BB16-F9B6522D28F0}
		{19264969-F823-46A5-A546-06F24C57A1F4} = {891045AD-DED7-40EC-BB16-F9B6522D28F0}
		{31418C4C-AF90-40AF-923D-BD353FA2D88D} = {891045AD-DED7-40EC-BB16-F9B6522D28F0}
		{5DC55FD0-3FE2-40BB-A7C0-18E4F043524F} = {891045AD-DED7-40EC-BB16-F9B6522D28F0}
		{599B98D3-129C-430F-B1C2-169EFE8FC163} = {82511981-9DB7-4C1D-ADE0-E8B7DB289A2D}
		{891045AD-DED7-40EC-BB16-F9B6522D28F0} = {82511981-9DB7-4C1D-ADE0-E8B7DB289A2D}
		{82511981-9DB7-4C1D-ADE0-E8B7DB289A2D} = {2BB13C55-B363-4C47-9C1A-73548AD01C4E}
		{204A6EC8-3C1A-4EBF-975F-F0E882ACBEC0} = {599B98D3-129C-430F-B1C2-169EFE8FC163}
		{F264B1A4-107F-434C-87A3-D2E9EA100BCE} = {599B98D3-129C-430F-B1C2-169EFE8FC163}
		{D533F076-7178-4B74-BBF1-6F72AE973D54} = {599B98D3-129C-430F-B1C2-169EFE8FC163}
		{98C95A42-8C5F-4307-876B-CC197B7A41C2} = {599B98D3-129C-430F-B1C2-169EFE8FC163}
		{08573A51-7D14-4EDD-8893-ADADEA12EC2F} = {599B98D3-129C-430F-B1C2-169EFE8FC163}
		{7E035B17-499B-4288-905E-93DD0D612F00} = {891045AD-DED7-40EC-BB16-F9B6522D28F0}
		{C5C781CE-CE8D-42CB-A64E-BD121D0072DF} = {891045AD-DED7-40EC-BB16-F9B6522D28F0}
		{F8E61238-CC2A-4745-8A57-F94C1498B41D} = {891045AD-DED7-40EC-BB16-F9B6522D28F0}
	EndGlobalSection
	GlobalSection(ExtensibilityGlobals) = postSolution
		SolutionGuid = {D2B64C7D-EDC1-40ED-BCC2-C9FA74A62B0E}
	EndGlobalSection
EndGlobal
